
Microsoft Visual Studio Solution File, Format Version 12.00
# Visual Studio 15
VisualStudioVersion = 15.0.28307.572
MinimumVisualStudioVersion = 10.0.40219.1
Project("{FAE04EC0-301F-11D3-BF4B-00C04F79EFBC}") = "Producer", "Producer.csproj", "{EE8610BB-7724-4E61-BC8A-D4120D96729A}"
EndProject
Project("{FAE04EC0-301F-11D3-BF4B-00C04F79EFBC}") = "Consumer", "Consumer.csproj", "{C659763F-766D-4E80-85ED-92DACDA30295}"
EndProject
Global
	GlobalSection(SolutionConfigurationPlatforms) = preSolution
		Debug|Any CPU = Debug|Any CPU
		Release|Any CPU = Release|Any CPU
	EndGlobalSection
	GlobalSection(ProjectConfigurationPlatforms) = postSolution
		{EE8610BB-7724-4E61-BC8A-D4120D96729A}.Debug|Any CPU.ActiveCfg = Debug|Any CPU
		{EE8610BB-7724-4E61-BC8A-D4120D96729A}.Debug|Any CPU.Build.0 = Debug|Any CPU
		{EE8610BB-7724-4E61-BC8A-D4120D96729A}.Release|Any CPU.ActiveCfg = Release|Any CPU
		{EE8610BB-7724-4E61-BC8A-D4120D96729A}.Release|Any CPU.Build.0 = Release|Any CPU
		{C659763F-766D-4E80-85ED-92DACDA30295}.Debug|Any CPU.ActiveCfg = Debug|Any CPU
		{C659763F-766D-4E80-85ED-92DACDA30295}.Debug|Any CPU.Build.0 = Debug|Any CPU
		{C659763F-766D-4E80-85ED-92DACDA30295}.Release|Any CPU.ActiveCfg = Release|Any CPU
		{C659763F-766D-4E80-85ED-92DACDA30295}.Release|Any CPU.Build.0 = Release|Any CPU
	EndGlobalSection
	GlobalSection(SolutionProperties) = preSolution
		HideSolutionNode = FALSE
	EndGlobalSection
	GlobalSection(ExtensibilityGlobals) = postSolution
		SolutionGuid = {C794AA19-FB6E-45A2-8CFF-5890EAC99F7D}
	EndGlobalSection
EndGlobal
